
Microsoft Visual Studio Solution File, Format Version 12.00
Project("{FAE04EC0-301F-11D3-BF4B-00C04F79EFBC}") = "Service", "Service\Service.csproj", "{14DFC96D-20EF-4FB5-9A4A-C60408BA4B6A}"
EndProject
Project("{FAE04EC0-301F-11D3-BF4B-00C04F79EFBC}") = "Api", "Api\Api.csproj", "{A6EE4CCF-0A68-4B7B-9484-CFD97465271A}"
EndProject
Global
	GlobalSection(SolutionConfigurationPlatforms) = preSolution
		Debug|Any CPU = Debug|Any CPU
		Release|Any CPU = Release|Any CPU
	EndGlobalSection
	GlobalSection(ProjectConfigurationPlatforms) = postSolution
		{14DFC96D-20EF-4FB5-9A4A-C60408BA4B6A}.Debug|Any CPU.ActiveCfg = Debug|Any CPU
		{14DFC96D-20EF-4FB5-9A4A-C60408BA4B6A}.Debug|Any CPU.Build.0 = Debug|Any CPU
		{14DFC96D-20EF-4FB5-9A4A-C60408BA4B6A}.Release|Any CPU.ActiveCfg = Release|Any CPU
		{14DFC96D-20EF-4FB5-9A4A-C60408BA4B6A}.Release|Any CPU.Build.0 = Release|Any CPU
		{A6EE4CCF-0A68-4B7B-9484-CFD97465271A}.Debug|Any CPU.ActiveCfg = Debug|Any CPU
		{A6EE4CCF-0A68-4B7B-9484-CFD97465271A}.Debug|Any CPU.Build.0 = Debug|Any CPU
		{A6EE4CCF-0A68-4B7B-9484-CFD97465271A}.Release|Any CPU.ActiveCfg = Release|Any CPU
		{A6EE4CCF-0A68-4B7B-9484-CFD97465271A}.Release|Any CPU.Build.0 = Release|Any CPU
	EndGlobalSection
EndGlobal
